
Microsoft Visual Studio Solution File, Format Version 12.00
# Visual Studio 15
VisualStudioVersion = 15.0.27428.2015
MinimumVisualStudioVersion = 10.0.40219.1
Project("{FAE04EC0-301F-11D3-BF4B-00C04F79EFBC}") = "WindowsFormsApp1", "WindowsFormsApp1\WindowsFormsApp1.csproj", "{22099F0A-292A-4757-B577-4603A395AC1B}"
EndProject
Global
	GlobalSection(SolutionConfigurationPlatforms) = preSolution
		Debug|Any CPU = Debug|Any CPU
		Release|Any CPU = Release|Any CPU
	EndGlobalSection
	GlobalSection(ProjectConfigurationPlatforms) = postSolution
		{22099F0A-292A-4757-B577-4603A395AC1B}.Debug|Any CPU.ActiveCfg = Debug|Any CPU
		{22099F0A-292A-4757-B577-4603A395AC1B}.Debug|Any CPU.Build.0 = Debug|Any CPU
		{22099F0A-292A-4757-B577-4603A395AC1B}.Release|Any CPU.ActiveCfg = Release|Any CPU
		{22099F0A-292A-4757-B577-4603A395AC1B}.Release|Any CPU.Build.0 = Release|Any CPU
	EndGlobalSection
	GlobalSection(SolutionProperties) = preSolution
		HideSolutionNode = FALSE
	EndGlobalSection
	GlobalSection(ExtensibilityGlobals) = postSolution
		SolutionGuid = {BC6C416D-F743-45C3-845E-168C543B0D1F}
	EndGlobalSection
EndGlobal
